<Solution>
  <Folder Name="/Solution Items/">
    <File Path=".gitignore" />
  </Folder>
  <Folder Name="/src/">
    <Project Path="src/MovieManagement.Application/MovieManagement.Application.csproj" Id="9d55a439-4bbe-47ea-a31d-6182cad99174" />
    <Project Path="src/MovieManagement.Domain/MovieManagement.Domain.csproj" />
  </Folder>
  <Folder Name="/tests/" />
</Solution>
